
Microsoft Visual Studio Solution File, Format Version 12.00
# Visual Studio Version 16
VisualStudioVersion = 16.0.30711.63
MinimumVisualStudioVersion = 10.0.40219.1
Project("{9A19103F-16F7-4668-BE54-9A1E7A4F7556}") = "PokerHandSorter", "PokerHandSorter\PokerHandSorter.csproj", "{029E0E27-6800-4134-B6CD-953BD3AE7AD6}"
EndProject
Project("{FAE04EC0-301F-11D3-BF4B-00C04F79EFBC}") = "PokerHandSorterTest", "PokerHandSorterTest\PokerHandSorterTest.csproj", "{DEBAA8F0-77E7-4A84-A792-BB3494348392}"
EndProject
Global
	GlobalSection(SolutionConfigurationPlatforms) = preSolution
		Debug|Any CPU = Debug|Any CPU
		Release|Any CPU = Release|Any CPU
	EndGlobalSection
	GlobalSection(ProjectConfigurationPlatforms) = postSolution
		{029E0E27-6800-4134-B6CD-953BD3AE7AD6}.Debug|Any CPU.ActiveCfg = Debug|Any CPU
		{029E0E27-6800-4134-B6CD-953BD3AE7AD6}.Debug|Any CPU.Build.0 = Debug|Any CPU
		{029E0E27-6800-4134-B6CD-953BD3AE7AD6}.Release|Any CPU.ActiveCfg = Release|Any CPU
		{029E0E27-6800-4134-B6CD-953BD3AE7AD6}.Release|Any CPU.Build.0 = Release|Any CPU
		{DEBAA8F0-77E7-4A84-A792-BB3494348392}.Debug|Any CPU.ActiveCfg = Debug|Any CPU
		{DEBAA8F0-77E7-4A84-A792-BB3494348392}.Debug|Any CPU.Build.0 = Debug|Any CPU
		{DEBAA8F0-77E7-4A84-A792-BB3494348392}.Release|Any CPU.ActiveCfg = Release|Any CPU
		{DEBAA8F0-77E7-4A84-A792-BB3494348392}.Release|Any CPU.Build.0 = Release|Any CPU
	EndGlobalSection
	GlobalSection(SolutionProperties) = preSolution
		HideSolutionNode = FALSE
	EndGlobalSection
	GlobalSection(ExtensibilityGlobals) = postSolution
		SolutionGuid = {122C350E-1DDF-4286-83AD-BF2289A484FC}
	EndGlobalSection
EndGlobal
